
Microsoft Visual Studio Solution File, Format Version 12.00
# Visual Studio Version 17
VisualStudioVersion = 17.9.34728.123
MinimumVisualStudioVersion = 10.0.40219.1
Project("{FAE04EC0-301F-11D3-BF4B-00C04F79EFBC}") = "Project1", "Project1\Project1.csproj", "{49DAE716-766A-48C6-89C4-163F435C5FB9}"
EndProject
Global
	GlobalSection(SolutionConfigurationPlatforms) = preSolution
		Debug|Any CPU = Debug|Any CPU
		Release|Any CPU = Release|Any CPU
	EndGlobalSection
	GlobalSection(ProjectConfigurationPlatforms) = postSolution
		{49DAE716-766A-48C6-89C4-163F435C5FB9}.Debug|Any CPU.ActiveCfg = Debug|Any CPU
		{49DAE716-766A-48C6-89C4-163F435C5FB9}.Debug|Any CPU.Build.0 = Debug|Any CPU
		{49DAE716-766A-48C6-89C4-163F435C5FB9}.Release|Any CPU.ActiveCfg = Release|Any CPU
		{49DAE716-766A-48C6-89C4-163F435C5FB9}.Release|Any CPU.Build.0 = Release|Any CPU
	EndGlobalSection
	GlobalSection(SolutionProperties) = preSolution
		HideSolutionNode = FALSE
	EndGlobalSection
	GlobalSection(ExtensibilityGlobals) = postSolution
		SolutionGuid = {08903822-9216-4FA8-83F4-37A8868AE6C7}
	EndGlobalSection
EndGlobal
